// !$*UTF8*$!
{
	archiveVersion = 1;
	classes = {
	};
	objectVersion = 50;
	objects = {

/* Begin PBXBuildFile section */
		81D71A1425B2F8E00059402E /* AppDelegate.swift in Sources */ = {isa = PBXBuildFile; fileRef = 81D71A1325B2F8E00059402E /* AppDelegate.swift */; };
		81D71A1625B2F8E00059402E /* SceneDelegate.swift in Sources */ = {isa = PBXBuildFile; fileRef = 81D71A1525B2F8E00059402E /* SceneDelegate.swift */; };
		81D71A1825B2F8E00059402E /* ViewController.swift in Sources */ = {isa = PBXBuildFile; fileRef = 81D71A1725B2F8E00059402E /* ViewController.swift */; };
		81D71A1B25B2F8E00059402E /* Main.storyboard in Resources */ = {isa = PBXBuildFile; fileRef = 81D71A1925B2F8E00059402E /* Main.storyboard */; };
		81D71A1D25B2F8E10059402E /* Assets.xcassets in Resources */ = {isa = PBXBuildFile; fileRef = 81D71A1C25B2F8E10059402E /* Assets.xcassets */; };
		81D71A2025B2F8E10059402E /* LaunchScreen.storyboard in Resources */ = {isa = PBXBuildFile; fileRef = 81D71A1E25B2F8E10059402E /* LaunchScreen.storyboard */; };
		81D71A2E25B2F9960059402E /* Interface.storyboard in Resources */ = {isa = PBXBuildFile; fileRef = 81D71A2C25B2F9960059402E /* Interface.storyboard */; };
		81D71A3025B2F9970059402E /* Assets.xcassets in Resources */ = {isa = PBXBuildFile; fileRef = 81D71A2F25B2F9970059402E /* Assets.xcassets */; };
		81D71A3725B2F9970059402E /* Grocery List Watch Extension.appex in Embed App Extensions */ = {isa = PBXBuildFile; fileRef = 81D71A3625B2F9970059402E /* Grocery List Watch Extension.appex */; settings = {ATTRIBUTES = (RemoveHeadersOnCopy, ); }; };
		81D71A3C25B2F9970059402E /* InterfaceController.swift in Sources */ = {isa = PBXBuildFile; fileRef = 81D71A3B25B2F9970059402E /* InterfaceController.swift */; };
		81D71A3E25B2F9970059402E /* ExtensionDelegate.swift in Sources */ = {isa = PBXBuildFile; fileRef = 81D71A3D25B2F9970059402E /* ExtensionDelegate.swift */; };
		81D71A4025B2F9970059402E /* NotificationController.swift in Sources */ = {isa = PBXBuildFile; fileRef = 81D71A3F25B2F9970059402E /* NotificationController.swift */; };
		81D71A4225B2F9970059402E /* ComplicationController.swift in Sources */ = {isa = PBXBuildFile; fileRef = 81D71A4125B2F9970059402E /* ComplicationController.swift */; };
		81D71A4425B2F9980059402E /* Assets.xcassets in Resources */ = {isa = PBXBuildFile; fileRef = 81D71A4325B2F9980059402E /* Assets.xcassets */; };
		81D71A4925B2F9980059402E /* Grocery List Watch.app in Embed Watch Content */ = {isa = PBXBuildFile; fileRef = 81D71A2A25B2F9960059402E /* Grocery List Watch.app */; settings = {ATTRIBUTES = (RemoveHeadersOnCopy, ); }; };
		81E567FF25B43CD0001C29F4 /* RowController.swift in Sources */ = {isa = PBXBuildFile; fileRef = 81E567FE25B43CD0001C29F4 /* RowController.swift */; };
/* End PBXBuildFile section */

/* Begin PBXContainerItemProxy section */
		81D71A3825B2F9970059402E /* PBXContainerItemProxy */ = {
			isa = PBXContainerItemProxy;
			containerPortal = 81D71A0825B2F8E00059402E /* Project object */;
			proxyType = 1;
			remoteGlobalIDString = 81D71A3525B2F9970059402E;
			remoteInfo = "Grocery List Watch Extension";
		};
		81D71A4725B2F9980059402E /* PBXContainerItemProxy */ = {
			isa = PBXContainerItemProxy;
			containerPortal = 81D71A0825B2F8E00059402E /* Project object */;
			proxyType = 1;
			remoteGlobalIDString = 81D71A2925B2F9960059402E;
			remoteInfo = "Grocery List Watch";
		};
/* End PBXContainerItemProxy section */

/* Begin PBXCopyFilesBuildPhase section */
		81D71A4D25B2F9980059402E /* Embed App Extensions */ = {
			isa = PBXCopyFilesBuildPhase;
			buildActionMask = 2147483647;
			dstPath = "";
			dstSubfolderSpec = 13;
			files = (
				81D71A3725B2F9970059402E /* Grocery List Watch Extension.appex in Embed App Extensions */,
			);
			name = "Embed App Extensions";
			runOnlyForDeploymentPostprocessing = 0;
		};
		81D71A5125B2F9980059402E /* Embed Watch Content */ = {
			isa = PBXCopyFilesBuildPhase;
			buildActionMask = 2147483647;
			dstPath = "$(CONTENTS_FOLDER_PATH)/Watch";
			dstSubfolderSpec = 16;
			files = (
				81D71A4925B2F9980059402E /* Grocery List Watch.app in Embed Watch Content */,
			);
			name = "Embed Watch Content";
			runOnlyForDeploymentPostprocessing = 0;
		};
/* End PBXCopyFilesBuildPhase section */

/* Begin PBXFileReference section */
		81D71A1025B2F8E00059402E /* Grocery List.app */ = {isa = PBXFileReference; explicitFileType = wrapper.application; includeInIndex = 0; path = "Grocery List.app"; sourceTree = BUILT_PRODUCTS_DIR; };
		81D71A1325B2F8E00059402E /* AppDelegate.swift */ = {isa = PBXFileReference; lastKnownFileType = sourcecode.swift; path = AppDelegate.swift; sourceTree = "<group>"; };
		81D71A1525B2F8E00059402E /* SceneDelegate.swift */ = {isa = PBXFileReference; lastKnownFileType = sourcecode.swift; path = SceneDelegate.swift; sourceTree = "<group>"; };
		81D71A1725B2F8E00059402E /* ViewController.swift */ = {isa = PBXFileReference; lastKnownFileType = sourcecode.swift; path = ViewController.swift; sourceTree = "<group>"; };
		81D71A1A25B2F8E00059402E /* Base */ = {isa = PBXFileReference; lastKnownFileType = file.storyboard; name = Base; path = Base.lproj/Main.storyboard; sourceTree = "<group>"; };
		81D71A1C25B2F8E10059402E /* Assets.xcassets */ = {isa = PBXFileReference; lastKnownFileType = folder.assetcatalog; path = Assets.xcassets; sourceTree = "<group>"; };
		81D71A1F25B2F8E10059402E /* Base */ = {isa = PBXFileReference; lastKnownFileType = file.storyboard; name = Base; path = Base.lproj/LaunchScreen.storyboard; sourceTree = "<group>"; };
		81D71A2125B2F8E10059402E /* Info.plist */ = {isa = PBXFileReference; lastKnownFileType = text.plist.xml; path = Info.plist; sourceTree = "<group>"; };
		81D71A2A25B2F9960059402E /* Grocery List Watch.app */ = {isa = PBXFileReference; explicitFileType = wrapper.application; includeInIndex = 0; path = "Grocery List Watch.app"; sourceTree = BUILT_PRODUCTS_DIR; };
		81D71A2D25B2F9960059402E /* Base */ = {isa = PBXFileReference; lastKnownFileType = file.storyboard; name = Base; path = Base.lproj/Interface.storyboard; sourceTree = "<group>"; };
		81D71A2F25B2F9970059402E /* Assets.xcassets */ = {isa = PBXFileReference; lastKnownFileType = folder.assetcatalog; path = Assets.xcassets; sourceTree = "<group>"; };
		81D71A3125B2F9970059402E /* Info.plist */ = {isa = PBXFileReference; lastKnownFileType = text.plist.xml; path = Info.plist; sourceTree = "<group>"; };
		81D71A3625B2F9970059402E /* Grocery List Watch Extension.appex */ = {isa = PBXFileReference; explicitFileType = "wrapper.app-extension"; includeInIndex = 0; path = "Grocery List Watch Extension.appex"; sourceTree = BUILT_PRODUCTS_DIR; };
		81D71A3B25B2F9970059402E /* InterfaceController.swift */ = {isa = PBXFileReference; lastKnownFileType = sourcecode.swift; path = InterfaceController.swift; sourceTree = "<group>"; };
		81D71A3D25B2F9970059402E /* ExtensionDelegate.swift */ = {isa = PBXFileReference; lastKnownFileType = sourcecode.swift; path = ExtensionDelegate.swift; sourceTree = "<group>"; };
		81D71A3F25B2F9970059402E /* NotificationController.swift */ = {isa = PBXFileReference; lastKnownFileType = sourcecode.swift; path = NotificationController.swift; sourceTree = "<group>"; };
		81D71A4125B2F9970059402E /* ComplicationController.swift */ = {isa = PBXFileReference; lastKnownFileType = sourcecode.swift; path = ComplicationController.swift; sourceTree = "<group>"; };
		81D71A4325B2F9980059402E /* Assets.xcassets */ = {isa = PBXFileReference; lastKnownFileType = folder.assetcatalog; path = Assets.xcassets; sourceTree = "<group>"; };
		81D71A4525B2F9980059402E /* Info.plist */ = {isa = PBXFileReference; lastKnownFileType = text.plist.xml; path = Info.plist; sourceTree = "<group>"; };
		81D71A4625B2F9980059402E /* PushNotificationPayload.apns */ = {isa = PBXFileReference; lastKnownFileType = text; path = PushNotificationPayload.apns; sourceTree = "<group>"; };
		81E567FE25B43CD0001C29F4 /* RowController.swift */ = {isa = PBXFileReference; lastKnownFileType = sourcecode.swift; path = RowController.swift; sourceTree = "<group>"; };
/* End PBXFileReference section */

/* Begin PBXFrameworksBuildPhase section */
		81D71A0D25B2F8E00059402E /* Frameworks */ = {
			isa = PBXFrameworksBuildPhase;
			buildActionMask = 2147483647;
			files = (
			);
			runOnlyForDeploymentPostprocessing = 0;
		};
		81D71A3325B2F9970059402E /* Frameworks */ = {
			isa = PBXFrameworksBuildPhase;
			buildActionMask = 2147483647;
			files = (
			);
			runOnlyForDeploymentPostprocessing = 0;
		};
/* End PBXFrameworksBuildPhase section */

/* Begin PBXGroup section */
		81D71A0725B2F8E00059402E = {
			isa = PBXGroup;
			children = (
				81D71A1225B2F8E00059402E /* Grocery List */,
				81D71A2B25B2F9960059402E /* Grocery List Watch */,
				81D71A3A25B2F9970059402E /* Grocery List Watch Extension */,
				81D71A1125B2F8E00059402E /* Products */,
			);
			sourceTree = "<group>";
		};
		81D71A1125B2F8E00059402E /* Products */ = {
			isa = PBXGroup;
			children = (
				81D71A1025B2F8E00059402E /* Grocery List.app */,
				81D71A2A25B2F9960059402E /* Grocery List Watch.app */,
				81D71A3625B2F9970059402E /* Grocery List Watch Extension.appex */,
			);
			name = Products;
			sourceTree = "<group>";
		};
		81D71A1225B2F8E00059402E /* Grocery List */ = {
			isa = PBXGroup;
			children = (
				81D71A1325B2F8E00059402E /* AppDelegate.swift */,
				81D71A1525B2F8E00059402E /* SceneDelegate.swift */,
				81D71A1725B2F8E00059402E /* ViewController.swift */,
				81D71A1925B2F8E00059402E /* Main.storyboard */,
				81D71A1C25B2F8E10059402E /* Assets.xcassets */,
				81D71A1E25B2F8E10059402E /* LaunchScreen.storyboard */,
				81D71A2125B2F8E10059402E /* Info.plist */,
			);
			path = "Grocery List";
			sourceTree = "<group>";
		};
		81D71A2B25B2F9960059402E /* Grocery List Watch */ = {
			isa = PBXGroup;
			children = (
				81D71A2C25B2F9960059402E /* Interface.storyboard */,
				81D71A2F25B2F9970059402E /* Assets.xcassets */,
				81D71A3125B2F9970059402E /* Info.plist */,
			);
			path = "Grocery List Watch";
			sourceTree = "<group>";
		};
		81D71A3A25B2F9970059402E /* Grocery List Watch Extension */ = {
			isa = PBXGroup;
			children = (
				81D71A3B25B2F9970059402E /* InterfaceController.swift */,
				81D71A3D25B2F9970059402E /* ExtensionDelegate.swift */,
				81D71A3F25B2F9970059402E /* NotificationController.swift */,
				81D71A4125B2F9970059402E /* ComplicationController.swift */,
				81D71A4325B2F9980059402E /* Assets.xcassets */,
				81D71A4525B2F9980059402E /* Info.plist */,
				81D71A4625B2F9980059402E /* PushNotificationPayload.apns */,
				81E567FE25B43CD0001C29F4 /* RowController.swift */,
			);
			path = "Grocery List Watch Extension";
			sourceTree = "<group>";
		};
/* End PBXGroup section */

/* Begin PBXNativeTarget section */
		81D71A0F25B2F8E00059402E /* Grocery List */ = {
			isa = PBXNativeTarget;
			buildConfigurationList = 81D71A2425B2F8E10059402E /* Build configuration list for PBXNativeTarget "Grocery List" */;
			buildPhases = (
				81D71A0C25B2F8E00059402E /* Sources */,
				81D71A0D25B2F8E00059402E /* Frameworks */,
				81D71A0E25B2F8E00059402E /* Resources */,
				81D71A5125B2F9980059402E /* Embed Watch Content */,
			);
			buildRules = (
			);
			dependencies = (
				81D71A4825B2F9980059402E /* PBXTargetDependency */,
			);
			name = "Grocery List";
			productName = "Grocery List";
			productReference = 81D71A1025B2F8E00059402E /* Grocery List.app */;
			productType = "com.apple.product-type.application";
		};
		81D71A2925B2F9960059402E /* Grocery List Watch */ = {
			isa = PBXNativeTarget;
			buildConfigurationList = 81D71A4E25B2F9980059402E /* Build configuration list for PBXNativeTarget "Grocery List Watch" */;
			buildPhases = (
				81D71A2825B2F9960059402E /* Resources */,
				81D71A4D25B2F9980059402E /* Embed App Extensions */,
			);
			buildRules = (
			);
			dependencies = (
				81D71A3925B2F9970059402E /* PBXTargetDependency */,
			);
			name = "Grocery List Watch";
			productName = "Grocery List Watch";
			productReference = 81D71A2A25B2F9960059402E /* Grocery List Watch.app */;
			productType = "com.apple.product-type.application.watchapp2";
		};
		81D71A3525B2F9970059402E /* Grocery List Watch Extension */ = {
			isa = PBXNativeTarget;
			buildConfigurationList = 81D71A4A25B2F9980059402E /* Build configuration list for PBXNativeTarget "Grocery List Watch Extension" */;
			buildPhases = (
				81D71A3225B2F9970059402E /* Sources */,
				81D71A3325B2F9970059402E /* Frameworks */,
				81D71A3425B2F9970059402E /* Resources */,
			);
			buildRules = (
			);
			dependencies = (
			);
			name = "Grocery List Watch Extension";
			productName = "Grocery List Watch Extension";
			productReference = 81D71A3625B2F9970059402E /* Grocery List Watch Extension.appex */;
			productType = "com.apple.product-type.watchkit2-extension";
		};
/* End PBXNativeTarget section */

/* Begin PBXProject section */
		81D71A0825B2F8E00059402E /* Project object */ = {
			isa = PBXProject;
			attributes = {
				LastSwiftUpdateCheck = 1230;
				LastUpgradeCheck = 1230;
				TargetAttributes = {
					81D71A0F25B2F8E00059402E = {
						CreatedOnToolsVersion = 12.3;
					};
					81D71A2925B2F9960059402E = {
						CreatedOnToolsVersion = 12.3;
					};
					81D71A3525B2F9970059402E = {
						CreatedOnToolsVersion = 12.3;
					};
				};
			};
			buildConfigurationList = 81D71A0B25B2F8E00059402E /* Build configuration list for PBXProject "Grocery List" */;
			compatibilityVersion = "Xcode 9.3";
			developmentRegion = en;
			hasScannedForEncodings = 0;
			knownRegions = (
				en,
				Base,
			);
			mainGroup = 81D71A0725B2F8E00059402E;
			productRefGroup = 81D71A1125B2F8E00059402E /* Products */;
			projectDirPath = "";
			projectRoot = "";
			targets = (
				81D71A0F25B2F8E00059402E /* Grocery List */,
				81D71A2925B2F9960059402E /* Grocery List Watch */,
				81D71A3525B2F9970059402E /* Grocery List Watch Extension */,
			);
		};
/* End PBXProject section */

/* Begin PBXResourcesBuildPhase section */
		81D71A0E25B2F8E00059402E /* Resources */ = {
			isa = PBXResourcesBuildPhase;
			buildActionMask = 2147483647;
			files = (
				81D71A2025B2F8E10059402E /* LaunchScreen.storyboard in Resources */,
				81D71A1D25B2F8E10059402E /* Assets.xcassets in Resources */,
				81D71A1B25B2F8E00059402E /* Main.storyboard in Resources */,
			);
			runOnlyForDeploymentPostprocessing = 0;
		};
		81D71A2825B2F9960059402E /* Resources */ = {
			isa = PBXResourcesBuildPhase;
			buildActionMask = 2147483647;
			files = (
				81D71A3025B2F9970059402E /* Assets.xcassets in Resources */,
				81D71A2E25B2F9960059402E /* Interface.storyboard in Resources */,
			);
			runOnlyForDeploymentPostprocessing = 0;
		};
		81D71A3425B2F9970059402E /* Resources */ = {
			isa = PBXResourcesBuildPhase;
			buildActionMask = 2147483647;
			files = (
				81D71A4425B2F9980059402E /* Assets.xcassets in Resources */,
			);
			runOnlyForDeploymentPostprocessing = 0;
		};
/* End PBXResourcesBuildPhase section */

/* Begin PBXSourcesBuildPhase section */
		81D71A0C25B2F8E00059402E /* Sources */ = {
			isa = PBXSourcesBuildPhase;
			buildActionMask = 2147483647;
			files = (
				81D71A1825B2F8E00059402E /* ViewController.swift in Sources */,
				81D71A1425B2F8E00059402E /* AppDelegate.swift in Sources */,
				81D71A1625B2F8E00059402E /* SceneDelegate.swift in Sources */,
			);
			runOnlyForDeploymentPostprocessing = 0;
		};
		81D71A3225B2F9970059402E /* Sources */ = {
			isa = PBXSourcesBuildPhase;
			buildActionMask = 2147483647;
			files = (
				81E567FF25B43CD0001C29F4 /* RowController.swift in Sources */,
				81D71A4025B2F9970059402E /* NotificationController.swift in Sources */,
				81D71A4225B2F9970059402E /* ComplicationController.swift in Sources */,
				81D71A3E25B2F9970059402E /* ExtensionDelegate.swift in Sources */,
				81D71A3C25B2F9970059402E /* InterfaceController.swift in Sources */,
			);
			runOnlyForDeploymentPostprocessing = 0;
		};
/* End PBXSourcesBuildPhase section */

/* Begin PBXTargetDependency section */
		81D71A3925B2F9970059402E /* PBXTargetDependency */ = {
			isa = PBXTargetDependency;
			target = 81D71A3525B2F9970059402E /* Grocery List Watch Extension */;
			targetProxy = 81D71A3825B2F9970059402E /* PBXContainerItemProxy */;
		};
		81D71A4825B2F9980059402E /* PBXTargetDependency */ = {
			isa = PBXTargetDependency;
			target = 81D71A2925B2F9960059402E /* Grocery List Watch */;
			targetProxy = 81D71A4725B2F9980059402E /* PBXContainerItemProxy */;
		};
/* End PBXTargetDependency section */

/* Begin PBXVariantGroup section */
		81D71A1925B2F8E00059402E /* Main.storyboard */ = {
			isa = PBXVariantGroup;
			children = (
				81D71A1A25B2F8E00059402E /* Base */,
			);
			name = Main.storyboard;
			sourceTree = "<group>";
		};
		81D71A1E25B2F8E10059402E /* LaunchScreen.storyboard */ = {
			isa = PBXVariantGroup;
			children = (
				81D71A1F25B2F8E10059402E /* Base */,
			);
			name = LaunchScreen.storyboard;
			sourceTree = "<group>";
		};
		81D71A2C25B2F9960059402E /* Interface.storyboard */ = {
			isa = PBXVariantGroup;
			children = (
				81D71A2D25B2F9960059402E /* Base */,
			);
			name = Interface.storyboard;
			sourceTree = "<group>";
		};
/* End PBXVariantGroup section */

/* Begin XCBuildConfiguration section */
		81D71A2225B2F8E10059402E /* Debug */ = {
			isa = XCBuildConfiguration;
			buildSettings = {
				ALWAYS_SEARCH_USER_PATHS = NO;
				CLANG_ANALYZER_NONNULL = YES;
				CLANG_ANALYZER_NUMBER_OBJECT_CONVERSION = YES_AGGRESSIVE;
				CLANG_CXX_LANGUAGE_STANDARD = "gnu++14";
				CLANG_CXX_LIBRARY = "libc++";
				CLANG_ENABLE_MODULES = YES;
				CLANG_ENABLE_OBJC_ARC = YES;
				CLANG_ENABLE_OBJC_WEAK = YES;
				CLANG_WARN_BLOCK_CAPTURE_AUTORELEASING = YES;
				CLANG_WARN_BOOL_CONVERSION = YES;
				CLANG_WARN_COMMA = YES;
				CLANG_WARN_CONSTANT_CONVERSION = YES;
				CLANG_WARN_DEPRECATED_OBJC_IMPLEMENTATIONS = YES;
				CLANG_WARN_DIRECT_OBJC_ISA_USAGE = YES_ERROR;
				CLANG_WARN_DOCUMENTATION_COMMENTS = YES;
				CLANG_WARN_EMPTY_BODY = YES;
				CLANG_WARN_ENUM_CONVERSION = YES;
				CLANG_WARN_INFINITE_RECURSION = YES;
				CLANG_WARN_INT_CONVERSION = YES;
				CLANG_WARN_NON_LITERAL_NULL_CONVERSION = YES;
				CLANG_WARN_OBJC_IMPLICIT_RETAIN_SELF = YES;
				CLANG_WARN_OBJC_LITERAL_CONVERSION = YES;
				CLANG_WARN_OBJC_ROOT_CLASS = YES_ERROR;
				CLANG_WARN_QUOTED_INCLUDE_IN_FRAMEWORK_HEADER = YES;
				CLANG_WARN_RANGE_LOOP_ANALYSIS = YES;
				CLANG_WARN_STRICT_PROTOTYPES = YES;
				CLANG_WARN_SUSPICIOUS_MOVE = YES;
				CLANG_WARN_UNGUARDED_AVAILABILITY = YES_AGGRESSIVE;
				CLANG_WARN_UNREACHABLE_CODE = YES;
				CLANG_WARN__DUPLICATE_METHOD_MATCH = YES;
				COPY_PHASE_STRIP = NO;
				DEBUG_INFORMATION_FORMAT = dwarf;
				ENABLE_STRICT_OBJC_MSGSEND = YES;
				ENABLE_TESTABILITY = YES;
				GCC_C_LANGUAGE_STANDARD = gnu11;
				GCC_DYNAMIC_NO_PIC = NO;
				GCC_NO_COMMON_BLOCKS = YES;
				GCC_OPTIMIZATION_LEVEL = 0;
				GCC_PREPROCESSOR_DEFINITIONS = (
					"DEBUG=1",
					"$(inherited)",
				);
				GCC_WARN_64_TO_32_BIT_CONVERSION = YES;
				GCC_WARN_ABOUT_RETURN_TYPE = YES_ERROR;
				GCC_WARN_UNDECLARED_SELECTOR = YES;
				GCC_WARN_UNINITIALIZED_AUTOS = YES_AGGRESSIVE;
				GCC_WARN_UNUSED_FUNCTION = YES;
				GCC_WARN_UNUSED_VARIABLE = YES;
				IPHONEOS_DEPLOYMENT_TARGET = 14.3;
				MTL_ENABLE_DEBUG_INFO = INCLUDE_SOURCE;
				MTL_FAST_MATH = YES;
				ONLY_ACTIVE_ARCH = YES;
				SDKROOT = iphoneos;
				SWIFT_ACTIVE_COMPILATION_CONDITIONS = DEBUG;
				SWIFT_OPTIMIZATION_LEVEL = "-Onone";
			};
			name = Debug;
		};
		81D71A2325B2F8E10059402E /* Release */ = {
			isa = XCBuildConfiguration;
			buildSettings = {
				ALWAYS_SEARCH_USER_PATHS = NO;
				CLANG_ANALYZER_NONNULL = YES;
				CLANG_ANALYZER_NUMBER_OBJECT_CONVERSION = YES_AGGRESSIVE;
				CLANG_CXX_LANGUAGE_STANDARD = "gnu++14";
				CLANG_CXX_LIBRARY = "libc++";
				CLANG_ENABLE_MODULES = YES;
				CLANG_ENABLE_OBJC_ARC = YES;
				CLANG_ENABLE_OBJC_WEAK = YES;
				CLANG_WARN_BLOCK_CAPTURE_AUTORELEASING = YES;
				CLANG_WARN_BOOL_CONVERSION = YES;
				CLANG_WARN_COMMA = YES;
				CLANG_WARN_CONSTANT_CONVERSION = YES;
				CLANG_WARN_DEPRECATED_OBJC_IMPLEMENTATIONS = YES;
				CLANG_WARN_DIRECT_OBJC_ISA_USAGE = YES_ERROR;
				CLANG_WARN_DOCUMENTATION_COMMENTS = YES;
				CLANG_WARN_EMPTY_BODY = YES;
				CLANG_WARN_ENUM_CONVERSION = YES;
				CLANG_WARN_INFINITE_RECURSION = YES;
				CLANG_WARN_INT_CONVERSION = YES;
				CLANG_WARN_NON_LITERAL_NULL_CONVERSION = YES;
				CLANG_WARN_OBJC_IMPLICIT_RETAIN_SELF = YES;
				CLANG_WARN_OBJC_LITERAL_CONVERSION = YES;
				CLANG_WARN_OBJC_ROOT_CLASS = YES_ERROR;
				CLANG_WARN_QUOTED_INCLUDE_IN_FRAMEWORK_HEADER = YES;
				CLANG_WARN_RANGE_LOOP_ANALYSIS = YES;
				CLANG_WARN_STRICT_PROTOTYPES = YES;
				CLANG_WARN_SUSPICIOUS_MOVE = YES;
				CLANG_WARN_UNGUARDED_AVAILABILITY = YES_AGGRESSIVE;
				CLANG_WARN_UNREACHABLE_CODE = YES;
				CLANG_WARN__DUPLICATE_METHOD_MATCH = YES;
				COPY_PHASE_STRIP = NO;
				DEBUG_INFORMATION_FORMAT = "dwarf-with-dsym";
				ENABLE_NS_ASSERTIONS = NO;
				ENABLE_STRICT_OBJC_MSGSEND = YES;
				GCC_C_LANGUAGE_STANDARD = gnu11;
				GCC_NO_COMMON_BLOCKS = YES;
				GCC_WARN_64_TO_32_BIT_CONVERSION = YES;
				GCC_WARN_ABOUT_RETURN_TYPE = YES_ERROR;
				GCC_WARN_UNDECLARED_SELECTOR = YES;
				GCC_WARN_UNINITIALIZED_AUTOS = YES_AGGRESSIVE;
				GCC_WARN_UNUSED_FUNCTION = YES;
				GCC_WARN_UNUSED_VARIABLE = YES;
				IPHONEOS_DEPLOYMENT_TARGET = 14.3;
				MTL_ENABLE_DEBUG_INFO = NO;
				MTL_FAST_MATH = YES;
				SDKROOT = iphoneos;
				SWIFT_COMPILATION_MODE = wholemodule;
				SWIFT_OPTIMIZATION_LEVEL = "-O";
				VALIDATE_PRODUCT = YES;
			};
			name = Release;
		};
		81D71A2525B2F8E10059402E /* Debug */ = {
			isa = XCBuildConfiguration;
			buildSettings = {
				ASSETCATALOG_COMPILER_APPICON_NAME = AppIcon;
				ASSETCATALOG_COMPILER_GLOBAL_ACCENT_COLOR_NAME = AccentColor;
				CODE_SIGN_STYLE = Automatic;
				INFOPLIST_FILE = "Grocery List/Info.plist";
				LD_RUNPATH_SEARCH_PATHS = (
					"$(inherited)",
					"@executable_path/Frameworks",
				);
				PRODUCT_BUNDLE_IDENTIFIER = "john.Grocery-List";
				PRODUCT_NAME = "$(TARGET_NAME)";
				SWIFT_VERSION = 5.0;
				TARGETED_DEVICE_FAMILY = "1,2";
			};
			name = Debug;
		};
		81D71A2625B2F8E10059402E /* Release */ = {
			isa = XCBuildConfiguration;
			buildSettings = {
				ASSETCATALOG_COMPILER_APPICON_NAME = AppIcon;
				ASSETCATALOG_COMPILER_GLOBAL_ACCENT_COLOR_NAME = AccentColor;
				CODE_SIGN_STYLE = Automatic;
				INFOPLIST_FILE = "Grocery List/Info.plist";
				LD_RUNPATH_SEARCH_PATHS = (
					"$(inherited)",
					"@executable_path/Frameworks",
				);
				PRODUCT_BUNDLE_IDENTIFIER = "john.Grocery-List";
				PRODUCT_NAME = "$(TARGET_NAME)";
				SWIFT_VERSION = 5.0;
				TARGETED_DEVICE_FAMILY = "1,2";
			};
			name = Release;
		};
		81D71A4B25B2F9980059402E /* Debug */ = {
			isa = XCBuildConfiguration;
			buildSettings = {
				ASSETCATALOG_COMPILER_COMPLICATION_NAME = Complication;
				CODE_SIGN_STYLE = Automatic;
				INFOPLIST_FILE = "Grocery List Watch Extension/Info.plist";
				LD_RUNPATH_SEARCH_PATHS = (
					"$(inherited)",
					"@executable_path/Frameworks",
					"@executable_path/../../Frameworks",
				);
				PRODUCT_BUNDLE_IDENTIFIER = "john.Grocery-List.watchkitapp.watchkitextension";
				PRODUCT_NAME = "${TARGET_NAME}";
				SDKROOT = watchos;
				SKIP_INSTALL = YES;
				SWIFT_VERSION = 5.0;
				TARGETED_DEVICE_FAMILY = 4;
				WATCHOS_DEPLOYMENT_TARGET = 7.2;
			};
			name = Debug;
		};
		81D71A4C25B2F9980059402E /* Release */ = {
			isa = XCBuildConfiguration;
			buildSettings = {
				ASSETCATALOG_COMPILER_COMPLICATION_NAME = Complication;
				CODE_SIGN_STYLE = Automatic;
				INFOPLIST_FILE = "Grocery List Watch Extension/Info.plist";
				LD_RUNPATH_SEARCH_PATHS = (
					"$(inherited)",
					"@executable_path/Frameworks",
					"@executable_path/../../Frameworks",
				);
				PRODUCT_BUNDLE_IDENTIFIER = "john.Grocery-List.watchkitapp.watchkitextension";
				PRODUCT_NAME = "${TARGET_NAME}";
				SDKROOT = watchos;
				SKIP_INSTALL = YES;
				SWIFT_VERSION = 5.0;
				TARGETED_DEVICE_FAMILY = 4;
				WATCHOS_DEPLOYMENT_TARGET = 7.2;
			};
			name = Release;
		};
		81D71A4F25B2F9980059402E /* Debug */ = {
			isa = XCBuildConfiguration;
			buildSettings = {
				ALWAYS_EMBED_SWIFT_STANDARD_LIBRARIES = YES;
				ASSETCATALOG_COMPILER_APPICON_NAME = AppIcon;
				ASSETCATALOG_COMPILER_GLOBAL_ACCENT_COLOR_NAME = AccentColor;
				CODE_SIGN_STYLE = Automatic;
				IBSC_MODULE = Grocery_List_Watch_Extension;
				INFOPLIST_FILE = "Grocery List Watch/Info.plist";
				PRODUCT_BUNDLE_IDENTIFIER = "john.Grocery-List.watchkitapp";
				PRODUCT_NAME = "$(TARGET_NAME)";
				SDKROOT = watchos;
				SKIP_INSTALL = YES;
				SWIFT_VERSION = 5.0;
				TARGETED_DEVICE_FAMILY = 4;
				WATCHOS_DEPLOYMENT_TARGET = 7.2;
			};
			name = Debug;
		};
		81D71A5025B2F9980059402E /* Release */ = {
			isa = XCBuildConfiguration;
			buildSettings = {
				ALWAYS_EMBED_SWIFT_STANDARD_LIBRARIES = YES;
				ASSETCATALOG_COMPILER_APPICON_NAME = AppIcon;
				ASSETCATALOG_COMPILER_GLOBAL_ACCENT_COLOR_NAME = AccentColor;
				CODE_SIGN_STYLE = Automatic;
				IBSC_MODULE = Grocery_List_Watch_Extension;
				INFOPLIST_FILE = "Grocery List Watch/Info.plist";
				PRODUCT_BUNDLE_IDENTIFIER = "john.Grocery-List.watchkitapp";
				PRODUCT_NAME = "$(TARGET_NAME)";
				SDKROOT = watchos;
				SKIP_INSTALL = YES;
				SWIFT_VERSION = 5.0;
				TARGETED_DEVICE_FAMILY = 4;
				WATCHOS_DEPLOYMENT_TARGET = 7.2;
			};
			name = Release;
		};
/* End XCBuildConfiguration section */

/* Begin XCConfigurationList section */
		81D71A0B25B2F8E00059402E /* Build configuration list for PBXProject "Grocery List" */ = {
			isa = XCConfigurationList;
			buildConfigurations = (
				81D71A2225B2F8E10059402E /* Debug */,
				81D71A2325B2F8E10059402E /* Release */,
			);
			defaultConfigurationIsVisible = 0;
			defaultConfigurationName = Release;
		};
		81D71A2425B2F8E10059402E /* Build configuration list for PBXNativeTarget "Grocery List" */ = {
			isa = XCConfigurationList;
			buildConfigurations = (
				81D71A2525B2F8E10059402E /* Debug */,
				81D71A2625B2F8E10059402E /* Release */,
			);
			defaultConfigurationIsVisible = 0;
			defaultConfigurationName = Release;
		};
		81D71A4A25B2F9980059402E /* Build configuration list for PBXNativeTarget "Grocery List Watch Extension" */ = {
			isa = XCConfigurationList;
			buildConfigurations = (
				81D71A4B25B2F9980059402E /* Debug */,
				81D71A4C25B2F9980059402E /* Release */,
			);
			defaultConfigurationIsVisible = 0;
			defaultConfigurationName = Release;
		};
		81D71A4E25B2F9980059402E /* Build configuration list for PBXNativeTarget "Grocery List Watch" */ = {
			isa = XCConfigurationList;
			buildConfigurations = (
				81D71A4F25B2F9980059402E /* Debug */,
				81D71A5025B2F9980059402E /* Release */,
			);
			defaultConfigurationIsVisible = 0;
			defaultConfigurationName = Release;
		};
/* End XCConfigurationList section */
	};
	rootObject = 81D71A0825B2F8E00059402E /* Project object */;
}
